
Microsoft Visual Studio Solution File, Format Version 12.00
# Visual Studio Version 17
VisualStudioVersion = 17.5.33516.290
MinimumVisualStudioVersion = 10.0.40219.1
Project("{FAE04EC0-301F-11D3-BF4B-00C04F79EFBC}") = "cs23_collection", "cs23_collection\cs23_collection.csproj", "{F0156A74-BDFF-4845-8CCF-1875CC210BAA}"
EndProject
Project("{FAE04EC0-301F-11D3-BF4B-00C04F79EFBC}") = "cs24_generic", "cs24_generic\cs24_generic.csproj", "{9257C8B6-B0E6-4D4E-B345-A1C79F6F60D0}"
EndProject
Project("{FAE04EC0-301F-11D3-BF4B-00C04F79EFBC}") = "cs25_Exception", "cs25_Exception\cs25_Exception.csproj", "{E063A501-A399-4E22-9C2E-1ADA68C06CCF}"
EndProject
Global
	GlobalSection(SolutionConfigurationPlatforms) = preSolution
		Debug|Any CPU = Debug|Any CPU
		Release|Any CPU = Release|Any CPU
	EndGlobalSection
	GlobalSection(ProjectConfigurationPlatforms) = postSolution
		{F0156A74-BDFF-4845-8CCF-1875CC210BAA}.Debug|Any CPU.ActiveCfg = Debug|Any CPU
		{F0156A74-BDFF-4845-8CCF-1875CC210BAA}.Debug|Any CPU.Build.0 = Debug|Any CPU
		{F0156A74-BDFF-4845-8CCF-1875CC210BAA}.Release|Any CPU.ActiveCfg = Release|Any CPU
		{F0156A74-BDFF-4845-8CCF-1875CC210BAA}.Release|Any CPU.Build.0 = Release|Any CPU
		{9257C8B6-B0E6-4D4E-B345-A1C79F6F60D0}.Debug|Any CPU.ActiveCfg = Debug|Any CPU
		{9257C8B6-B0E6-4D4E-B345-A1C79F6F60D0}.Debug|Any CPU.Build.0 = Debug|Any CPU
		{9257C8B6-B0E6-4D4E-B345-A1C79F6F60D0}.Release|Any CPU.ActiveCfg = Release|Any CPU
		{9257C8B6-B0E6-4D4E-B345-A1C79F6F60D0}.Release|Any CPU.Build.0 = Release|Any CPU
		{E063A501-A399-4E22-9C2E-1ADA68C06CCF}.Debug|Any CPU.ActiveCfg = Debug|Any CPU
		{E063A501-A399-4E22-9C2E-1ADA68C06CCF}.Debug|Any CPU.Build.0 = Debug|Any CPU
		{E063A501-A399-4E22-9C2E-1ADA68C06CCF}.Release|Any CPU.ActiveCfg = Release|Any CPU
		{E063A501-A399-4E22-9C2E-1ADA68C06CCF}.Release|Any CPU.Build.0 = Release|Any CPU
	EndGlobalSection
	GlobalSection(SolutionProperties) = preSolution
		HideSolutionNode = FALSE
	EndGlobalSection
	GlobalSection(ExtensibilityGlobals) = postSolution
		SolutionGuid = {AE171269-060F-47D9-9818-39896A200950}
	EndGlobalSection
EndGlobal
