
Microsoft Visual Studio Solution File, Format Version 12.00
# Visual Studio Version 17
VisualStudioVersion = 17.5.33516.290
MinimumVisualStudioVersion = 10.0.40219.1
Project("{FAE04EC0-301F-11D3-BF4B-00C04F79EFBC}") = "Day01_variable", "Day01_variable\Day01_variable.csproj", "{605E2239-215E-4329-8379-71DD335225E3}"
EndProject
Global
	GlobalSection(SolutionConfigurationPlatforms) = preSolution
		Debug|Any CPU = Debug|Any CPU
		Release|Any CPU = Release|Any CPU
	EndGlobalSection
	GlobalSection(ProjectConfigurationPlatforms) = postSolution
		{605E2239-215E-4329-8379-71DD335225E3}.Debug|Any CPU.ActiveCfg = Debug|Any CPU
		{605E2239-215E-4329-8379-71DD335225E3}.Debug|Any CPU.Build.0 = Debug|Any CPU
		{605E2239-215E-4329-8379-71DD335225E3}.Release|Any CPU.ActiveCfg = Release|Any CPU
		{605E2239-215E-4329-8379-71DD335225E3}.Release|Any CPU.Build.0 = Release|Any CPU
	EndGlobalSection
	GlobalSection(SolutionProperties) = preSolution
		HideSolutionNode = FALSE
	EndGlobalSection
	GlobalSection(ExtensibilityGlobals) = postSolution
		SolutionGuid = {37D0970C-CE25-43FD-AB80-FB63E75AF4D9}
	EndGlobalSection
EndGlobal
