
Microsoft Visual Studio Solution File, Format Version 12.00
# Visual Studio Version 17
VisualStudioVersion = 17.5.33516.290
MinimumVisualStudioVersion = 10.0.40219.1
Project("{FAE04EC0-301F-11D3-BF4B-00C04F79EFBC}") = "sf14_winforms_thread", "WindowsFormsApp1\sf14_winforms_thread.csproj", "{08ABC4A6-C661-4C5A-AF1F-53129D2EA7FC}"
EndProject
Project("{FAE04EC0-301F-11D3-BF4B-00C04F79EFBC}") = "01_bookrentalshop", "..\..\Day09\01_bookrentalshop\01_bookrentalshop.csproj", "{60B247E5-3D8C-4FF6-B4A2-2297EC6B4601}"
EndProject
Global
	GlobalSection(SolutionConfigurationPlatforms) = preSolution
		Debug|Any CPU = Debug|Any CPU
		Release|Any CPU = Release|Any CPU
	EndGlobalSection
	GlobalSection(ProjectConfigurationPlatforms) = postSolution
		{08ABC4A6-C661-4C5A-AF1F-53129D2EA7FC}.Debug|Any CPU.ActiveCfg = Debug|Any CPU
		{08ABC4A6-C661-4C5A-AF1F-53129D2EA7FC}.Debug|Any CPU.Build.0 = Debug|Any CPU
		{08ABC4A6-C661-4C5A-AF1F-53129D2EA7FC}.Release|Any CPU.ActiveCfg = Release|Any CPU
		{08ABC4A6-C661-4C5A-AF1F-53129D2EA7FC}.Release|Any CPU.Build.0 = Release|Any CPU
		{60B247E5-3D8C-4FF6-B4A2-2297EC6B4601}.Debug|Any CPU.ActiveCfg = Debug|Any CPU
		{60B247E5-3D8C-4FF6-B4A2-2297EC6B4601}.Debug|Any CPU.Build.0 = Debug|Any CPU
		{60B247E5-3D8C-4FF6-B4A2-2297EC6B4601}.Release|Any CPU.ActiveCfg = Release|Any CPU
		{60B247E5-3D8C-4FF6-B4A2-2297EC6B4601}.Release|Any CPU.Build.0 = Release|Any CPU
	EndGlobalSection
	GlobalSection(SolutionProperties) = preSolution
		HideSolutionNode = FALSE
	EndGlobalSection
	GlobalSection(ExtensibilityGlobals) = postSolution
		SolutionGuid = {17C8AB03-F3EC-4078-9872-F4C049E57265}
	EndGlobalSection
EndGlobal
